PODS:
  - FlutterMacOS (1.0.0)
  - rust_lib_my_app (0.0.1):
    - FlutterMacOS

DEPENDENCIES:
  - FlutterMacOS (from `Flutter/ephemeral`)
  - rust_lib_my_app (from `Flutter/ephemeral/.symlinks/plugins/rust_lib_my_app/macos`)

EXTERNAL SOURCES:
  FlutterMacOS:
    :path: Flutter/ephemeral
  rust_lib_my_app:
    :path: Flutter/ephemeral/.symlinks/plugins/rust_lib_my_app/macos

SPEC CHECKSUMS:
  FlutterMacOS: 8f6f14fa908a6fb3fba0cd85dbd81ec4b251fb24
  rust_lib_my_app: 2e2fa2621ed4f042400edd6e16dd1d7c3e43b205

PODFILE CHECKSUM: 236401fc2c932af29a9fcf0e97baeeb2d750d367

COCOAPODS: 1.15.2
